
Microsoft Visual Studio Solution File, Format Version 12.00
# Visual Studio Version 17
VisualStudioVersion = 17.5.002.0
MinimumVisualStudioVersion = 10.0.40219.1
Project("{9A19103F-16F7-4668-BE54-9A1E7A4F7556}") = "DesafioFundamentos", "DesafioFundamentos.csproj", "{B23FEA03-8926-43EB-B1F2-28423B91AF90}"
EndProject
Global
	GlobalSection(SolutionConfigurationPlatforms) = preSolution
		Debug|Any CPU = Debug|Any CPU
		Release|Any CPU = Release|Any CPU
	EndGlobalSection
	GlobalSection(ProjectConfigurationPlatforms) = postSolution
		{B23FEA03-8926-43EB-B1F2-28423B91AF90}.Debug|Any CPU.ActiveCfg = Debug|Any CPU
		{B23FEA03-8926-43EB-B1F2-28423B91AF90}.Debug|Any CPU.Build.0 = Debug|Any CPU
		{B23FEA03-8926-43EB-B1F2-28423B91AF90}.Release|Any CPU.ActiveCfg = Release|Any CPU
		{B23FEA03-8926-43EB-B1F2-28423B91AF90}.Release|Any CPU.Build.0 = Release|Any CPU
	EndGlobalSection
	GlobalSection(SolutionProperties) = preSolution
		HideSolutionNode = FALSE
	EndGlobalSection
	GlobalSection(ExtensibilityGlobals) = postSolution
		SolutionGuid = {0B9454DA-742E-4DE9-BE28-AAC22B789A3C}
	EndGlobalSection
EndGlobal
